
Microsoft Visual Studio Solution File, Format Version 12.00
# Visual Studio 15
VisualStudioVersion = 15.0.28010.2016
MinimumVisualStudioVersion = 10.0.40219.1
Project("{9A19103F-16F7-4668-BE54-9A1E7A4F7556}") = "ErisHub", "ErisHub\ErisHub.csproj", "{67F089BF-320A-4986-B2AB-4B8789BF1225}"
EndProject
Project("{9A19103F-16F7-4668-BE54-9A1E7A4F7556}") = "ErisHub.DiscordBot", "ErisHub.DiscordBot\ErisHub.DiscordBot.csproj", "{1DFE934D-5F5A-455E-BE1C-8DB405B259BF}"
	ProjectSection(ProjectDependencies) = postProject
		{67F089BF-320A-4986-B2AB-4B8789BF1225} = {67F089BF-320A-4986-B2AB-4B8789BF1225}
	EndProjectSection
EndProject
Project("{9A19103F-16F7-4668-BE54-9A1E7A4F7556}") = "ErisHub.Shared", "ErisHub.Shared\ErisHub.Shared.csproj", "{0485A1E1-0FF2-4EE8-8659-3268A697B011}"
EndProject
Global
	GlobalSection(SolutionConfigurationPlatforms) = preSolution
		Debug|Any CPU = Debug|Any CPU
		Release|Any CPU = Release|Any CPU
	EndGlobalSection
	GlobalSection(ProjectConfigurationPlatforms) = postSolution
		{67F089BF-320A-4986-B2AB-4B8789BF1225}.Debug|Any CPU.ActiveCfg = Debug|Any CPU
		{67F089BF-320A-4986-B2AB-4B8789BF1225}.Debug|Any CPU.Build.0 = Debug|Any CPU
		{67F089BF-320A-4986-B2AB-4B8789BF1225}.Release|Any CPU.ActiveCfg = Release|Any CPU
		{67F089BF-320A-4986-B2AB-4B8789BF1225}.Release|Any CPU.Build.0 = Release|Any CPU
		{1DFE934D-5F5A-455E-BE1C-8DB405B259BF}.Debug|Any CPU.ActiveCfg = Debug|Any CPU
		{1DFE934D-5F5A-455E-BE1C-8DB405B259BF}.Debug|Any CPU.Build.0 = Debug|Any CPU
		{1DFE934D-5F5A-455E-BE1C-8DB405B259BF}.Release|Any CPU.ActiveCfg = Release|Any CPU
		{1DFE934D-5F5A-455E-BE1C-8DB405B259BF}.Release|Any CPU.Build.0 = Release|Any CPU
		{0485A1E1-0FF2-4EE8-8659-3268A697B011}.Debug|Any CPU.ActiveCfg = Debug|Any CPU
		{0485A1E1-0FF2-4EE8-8659-3268A697B011}.Debug|Any CPU.Build.0 = Debug|Any CPU
		{0485A1E1-0FF2-4EE8-8659-3268A697B011}.Release|Any CPU.ActiveCfg = Release|Any CPU
		{0485A1E1-0FF2-4EE8-8659-3268A697B011}.Release|Any CPU.Build.0 = Release|Any CPU
	EndGlobalSection
	GlobalSection(SolutionProperties) = preSolution
		HideSolutionNode = FALSE
	EndGlobalSection
	GlobalSection(ExtensibilityGlobals) = postSolution
		SolutionGuid = {8D862D5A-4D9C-4A62-9370-D874369A0DDC}
	EndGlobalSection
EndGlobal
